
Microsoft Visual Studio Solution File, Format Version 12.00
# Visual Studio Version 17
VisualStudioVersion = 17.13.35605.110 d17.13
MinimumVisualStudioVersion = 10.0.40219.1
Project("{FAE04EC0-301F-11D3-BF4B-00C04F79EFBC}") = "Starwars.Api", "Starwars.Api.csproj", "{42F0A3F6-7E53-426F-AB01-C4E84057FE86}"
EndProject
Global
	GlobalSection(SolutionConfigurationPlatforms) = preSolution
		Debug|Any CPU = Debug|Any CPU
		Release|Any CPU = Release|Any CPU
	EndGlobalSection
	GlobalSection(ProjectConfigurationPlatforms) = postSolution
		{42F0A3F6-7E53-426F-AB01-C4E84057FE86}.Debug|Any CPU.ActiveCfg = Debug|Any CPU
		{42F0A3F6-7E53-426F-AB01-C4E84057FE86}.Debug|Any CPU.Build.0 = Debug|Any CPU
		{42F0A3F6-7E53-426F-AB01-C4E84057FE86}.Release|Any CPU.ActiveCfg = Release|Any CPU
		{42F0A3F6-7E53-426F-AB01-C4E84057FE86}.Release|Any CPU.Build.0 = Release|Any CPU
	EndGlobalSection
	GlobalSection(SolutionProperties) = preSolution
		HideSolutionNode = FALSE
	EndGlobalSection
	GlobalSection(ExtensibilityGlobals) = postSolution
		SolutionGuid = {563B5E8E-983F-4828-87B4-364D943CE259}
	EndGlobalSection
EndGlobal
